
Microsoft Visual Studio Solution File, Format Version 12.00
# Visual Studio 15
VisualStudioVersion = 15.0.28010.2016
MinimumVisualStudioVersion = 10.0.40219.1
Project("{9A19103F-16F7-4668-BE54-9A1E7A4F7556}") = "TestProject", "TestProject\TestProject.csproj", "{07540DB5-4287-4916-848B-D7EBA224BA9C}"
EndProject
Project("{FAE04EC0-301F-11D3-BF4B-00C04F79EFBC}") = "ExiftoolWrapper", "ExiftoolWrapper\ExiftoolWrapper.csproj", "{5414ADAF-23F2-434D-AF57-9545268E477B}"
EndProject
Global
	GlobalSection(SolutionConfigurationPlatforms) = preSolution
		Debug|Any CPU = Debug|Any CPU
		Release|Any CPU = Release|Any CPU
	EndGlobalSection
	GlobalSection(ProjectConfigurationPlatforms) = postSolution
		{07540DB5-4287-4916-848B-D7EBA224BA9C}.Debug|Any CPU.ActiveCfg = Debug|Any CPU
		{07540DB5-4287-4916-848B-D7EBA224BA9C}.Debug|Any CPU.Build.0 = Debug|Any CPU
		{07540DB5-4287-4916-848B-D7EBA224BA9C}.Release|Any CPU.ActiveCfg = Release|Any CPU
		{07540DB5-4287-4916-848B-D7EBA224BA9C}.Release|Any CPU.Build.0 = Release|Any CPU
		{5414ADAF-23F2-434D-AF57-9545268E477B}.Debug|Any CPU.ActiveCfg = Debug|Any CPU
		{5414ADAF-23F2-434D-AF57-9545268E477B}.Debug|Any CPU.Build.0 = Debug|Any CPU
		{5414ADAF-23F2-434D-AF57-9545268E477B}.Release|Any CPU.ActiveCfg = Release|Any CPU
		{5414ADAF-23F2-434D-AF57-9545268E477B}.Release|Any CPU.Build.0 = Release|Any CPU
	EndGlobalSection
	GlobalSection(SolutionProperties) = preSolution
		HideSolutionNode = FALSE
	EndGlobalSection
	GlobalSection(ExtensibilityGlobals) = postSolution
		SolutionGuid = {D7DC751B-FFB4-403D-8F7A-7FE6F47CF8FC}
	EndGlobalSection
EndGlobal
